
Microsoft Visual Studio Solution File, Format Version 12.00
# Visual Studio Version 17
VisualStudioVersion = 17.7.34221.43
MinimumVisualStudioVersion = 10.0.40219.1
Project("{9A19103F-16F7-4668-BE54-9A1E7A4F7556}") = "CheckPoint2", "checkpoint2\CheckPoint2.csproj", "{73AB9F25-FD50-4348-9B86-C8CD374719D5}"
EndProject
Global
	GlobalSection(SolutionConfigurationPlatforms) = preSolution
		Debug|Any CPU = Debug|Any CPU
		Release|Any CPU = Release|Any CPU
	EndGlobalSection
	GlobalSection(ProjectConfigurationPlatforms) = postSolution
		{73AB9F25-FD50-4348-9B86-C8CD374719D5}.Debug|Any CPU.ActiveCfg = Debug|Any CPU
		{73AB9F25-FD50-4348-9B86-C8CD374719D5}.Debug|Any CPU.Build.0 = Debug|Any CPU
		{73AB9F25-FD50-4348-9B86-C8CD374719D5}.Release|Any CPU.ActiveCfg = Release|Any CPU
		{73AB9F25-FD50-4348-9B86-C8CD374719D5}.Release|Any CPU.Build.0 = Release|Any CPU
	EndGlobalSection
	GlobalSection(SolutionProperties) = preSolution
		HideSolutionNode = FALSE
	EndGlobalSection
	GlobalSection(ExtensibilityGlobals) = postSolution
		SolutionGuid = {AD82C960-DD66-44BF-9599-F72C4FB2558C}
	EndGlobalSection
EndGlobal
